
Microsoft Visual Studio Solution File, Format Version 11.00
# Visual Studio 2010
Project("{FAE04EC0-301F-11D3-BF4B-00C04F79EFBC}") = "Decorator", "Decorator\Decorator.csproj", "{EF6ABCD2-3548-4F36-AB45-8C03760CD6AC}"
EndProject
Project("{FAE04EC0-301F-11D3-BF4B-00C04F79EFBC}") = "Adapter", "Adapter\Adapter.csproj", "{FFD32CBF-EDE4-4163-BC79-B08B2F3F8F85}"
EndProject
Project("{FAE04EC0-301F-11D3-BF4B-00C04F79EFBC}") = "Facade", "Facade\Facade.csproj", "{EC90B4EC-60F8-4912-8079-5DC304CB8035}"
EndProject
Project("{FAE04EC0-301F-11D3-BF4B-00C04F79EFBC}") = "Template", "Template\Template.csproj", "{320A9E9D-C6FC-48B7-B5D9-676D3BBE83F0}"
EndProject
Project("{FAE04EC0-301F-11D3-BF4B-00C04F79EFBC}") = "Builder", "Builder\Builder.csproj", "{E7F41995-D3A1-4B31-AA9C-CB3F4261D248}"
EndProject
Project("{FAE04EC0-301F-11D3-BF4B-00C04F79EFBC}") = "Iterator", "Iterator\Iterator.csproj", "{36E8E3B5-604D-4C3F-88F7-271C41E941C3}"
EndProject
Project("{FAE04EC0-301F-11D3-BF4B-00C04F79EFBC}") = "Composite", "Composite\Composite.csproj", "{D845B05F-F10B-45F5-92B0-18567554A1B2}"
EndProject
Project("{FAE04EC0-301F-11D3-BF4B-00C04F79EFBC}") = "State", "State\State.csproj", "{98CD4091-D512-40A0-8406-D9BE5DD139DC}"
EndProject
Project("{FAE04EC0-301F-11D3-BF4B-00C04F79EFBC}") = "Chain Of Responsibility", "Chain Of Responsibility\Chain Of Responsibility.csproj", "{AA9DD4FB-A349-4722-B5CB-A1CD3029EC9E}"
EndProject
Project("{FAE04EC0-301F-11D3-BF4B-00C04F79EFBC}") = "Factory", "Factory\Factory.csproj", "{679118E7-2F11-4EDB-BA48-8C8A3F4C2B88}"
EndProject
Project("{FAE04EC0-301F-11D3-BF4B-00C04F79EFBC}") = "Flyweight", "Flyweight\Flyweight.csproj", "{96612695-CAED-4652-8300-E70C5309BB1B}"
EndProject
Project("{FAE04EC0-301F-11D3-BF4B-00C04F79EFBC}") = "Observer", "Observer\Observer.csproj", "{D4768CD2-8DF6-4849-9607-036B13D57D4A}"
EndProject
Project("{FAE04EC0-301F-11D3-BF4B-00C04F79EFBC}") = "Singleton", "Singleton\Singleton.csproj", "{97ABFD87-158A-4E3B-AEEA-4BF4982FBFBA}"
EndProject
Project("{FAE04EC0-301F-11D3-BF4B-00C04F79EFBC}") = "StrategyPattern", "StrategyPattern\StrategyPattern.csproj", "{88F5F95D-C7DB-45DF-B00F-2D50E447D995}"
EndProject
Project("{FAE04EC0-301F-11D3-BF4B-00C04F79EFBC}") = "Proxy", "Proxy\Proxy.csproj", "{D22759DC-29A3-4C7E-83AC-ED9F6542A3C8}"
EndProject
Global
	GlobalSection(SolutionConfigurationPlatforms) = preSolution
		Debug|Any CPU = Debug|Any CPU
		Debug|Mixed Platforms = Debug|Mixed Platforms
		Debug|x86 = Debug|x86
		Release|Any CPU = Release|Any CPU
		Release|Mixed Platforms = Release|Mixed Platforms
		Release|x86 = Release|x86
	EndGlobalSection
	GlobalSection(ProjectConfigurationPlatforms) = postSolution
		{EF6ABCD2-3548-4F36-AB45-8C03760CD6AC}.Debug|Any CPU.ActiveCfg = Debug|Any CPU
		{EF6ABCD2-3548-4F36-AB45-8C03760CD6AC}.Debug|Any CPU.Build.0 = Debug|Any CPU
		{EF6ABCD2-3548-4F36-AB45-8C03760CD6AC}.Debug|Mixed Platforms.ActiveCfg = Debug|Any CPU
		{EF6ABCD2-3548-4F36-AB45-8C03760CD6AC}.Debug|Mixed Platforms.Build.0 = Debug|Any CPU
		{EF6ABCD2-3548-4F36-AB45-8C03760CD6AC}.Debug|x86.ActiveCfg = Debug|Any CPU
		{EF6ABCD2-3548-4F36-AB45-8C03760CD6AC}.Release|Any CPU.ActiveCfg = Release|Any CPU
		{EF6ABCD2-3548-4F36-AB45-8C03760CD6AC}.Release|Any CPU.Build.0 = Release|Any CPU
		{EF6ABCD2-3548-4F36-AB45-8C03760CD6AC}.Release|Mixed Platforms.ActiveCfg = Release|Any CPU
		{EF6ABCD2-3548-4F36-AB45-8C03760CD6AC}.Release|Mixed Platforms.Build.0 = Release|Any CPU
		{EF6ABCD2-3548-4F36-AB45-8C03760CD6AC}.Release|x86.ActiveCfg = Release|Any CPU
		{FFD32CBF-EDE4-4163-BC79-B08B2F3F8F85}.Debug|Any CPU.ActiveCfg = Debug|Any CPU
		{FFD32CBF-EDE4-4163-BC79-B08B2F3F8F85}.Debug|Any CPU.Build.0 = Debug|Any CPU
		{FFD32CBF-EDE4-4163-BC79-B08B2F3F8F85}.Debug|Mixed Platforms.ActiveCfg = Debug|Any CPU
		{FFD32CBF-EDE4-4163-BC79-B08B2F3F8F85}.Debug|Mixed Platforms.Build.0 = Debug|Any CPU
		{FFD32CBF-EDE4-4163-BC79-B08B2F3F8F85}.Debug|x86.ActiveCfg = Debug|Any CPU
		{FFD32CBF-EDE4-4163-BC79-B08B2F3F8F85}.Release|Any CPU.ActiveCfg = Release|Any CPU
		{FFD32CBF-EDE4-4163-BC79-B08B2F3F8F85}.Release|Any CPU.Build.0 = Release|Any CPU
		{FFD32CBF-EDE4-4163-BC79-B08B2F3F8F85}.Release|Mixed Platforms.ActiveCfg = Release|Any CPU
		{FFD32CBF-EDE4-4163-BC79-B08B2F3F8F85}.Release|Mixed Platforms.Build.0 = Release|Any CPU
		{FFD32CBF-EDE4-4163-BC79-B08B2F3F8F85}.Release|x86.ActiveCfg = Release|Any CPU
		{EC90B4EC-60F8-4912-8079-5DC304CB8035}.Debug|Any CPU.ActiveCfg = Debug|Any CPU
		{EC90B4EC-60F8-4912-8079-5DC304CB8035}.Debug|Any CPU.Build.0 = Debug|Any CPU
		{EC90B4EC-60F8-4912-8079-5DC304CB8035}.Debug|Mixed Platforms.ActiveCfg = Debug|Any CPU
		{EC90B4EC-60F8-4912-8079-5DC304CB8035}.Debug|Mixed Platforms.Build.0 = Debug|Any CPU
		{EC90B4EC-60F8-4912-8079-5DC304CB8035}.Debug|x86.ActiveCfg = Debug|Any CPU
		{EC90B4EC-60F8-4912-8079-5DC304CB8035}.Release|Any CPU.ActiveCfg = Release|Any CPU
		{EC90B4EC-60F8-4912-8079-5DC304CB8035}.Release|Any CPU.Build.0 = Release|Any CPU
		{EC90B4EC-60F8-4912-8079-5DC304CB8035}.Release|Mixed Platforms.ActiveCfg = Release|Any CPU
		{EC90B4EC-60F8-4912-8079-5DC304CB8035}.Release|Mixed Platforms.Build.0 = Release|Any CPU
		{EC90B4EC-60F8-4912-8079-5DC304CB8035}.Release|x86.ActiveCfg = Release|Any CPU
		{320A9E9D-C6FC-48B7-B5D9-676D3BBE83F0}.Debug|Any CPU.ActiveCfg = Debug|Any CPU
		{320A9E9D-C6FC-48B7-B5D9-676D3BBE83F0}.Debug|Any CPU.Build.0 = Debug|Any CPU
		{320A9E9D-C6FC-48B7-B5D9-676D3BBE83F0}.Debug|Mixed Platforms.ActiveCfg = Debug|Any CPU
		{320A9E9D-C6FC-48B7-B5D9-676D3BBE83F0}.Debug|Mixed Platforms.Build.0 = Debug|Any CPU
		{320A9E9D-C6FC-48B7-B5D9-676D3BBE83F0}.Debug|x86.ActiveCfg = Debug|Any CPU
		{320A9E9D-C6FC-48B7-B5D9-676D3BBE83F0}.Release|Any CPU.ActiveCfg = Release|Any CPU
		{320A9E9D-C6FC-48B7-B5D9-676D3BBE83F0}.Release|Any CPU.Build.0 = Release|Any CPU
		{320A9E9D-C6FC-48B7-B5D9-676D3BBE83F0}.Release|Mixed Platforms.ActiveCfg = Release|Any CPU
		{320A9E9D-C6FC-48B7-B5D9-676D3BBE83F0}.Release|Mixed Platforms.Build.0 = Release|Any CPU
		{320A9E9D-C6FC-48B7-B5D9-676D3BBE83F0}.Release|x86.ActiveCfg = Release|Any CPU
		{E7F41995-D3A1-4B31-AA9C-CB3F4261D248}.Debug|Any CPU.ActiveCfg = Debug|Any CPU
		{E7F41995-D3A1-4B31-AA9C-CB3F4261D248}.Debug|Any CPU.Build.0 = Debug|Any CPU
		{E7F41995-D3A1-4B31-AA9C-CB3F4261D248}.Debug|Mixed Platforms.ActiveCfg = Debug|Any CPU
		{E7F41995-D3A1-4B31-AA9C-CB3F4261D248}.Debug|Mixed Platforms.Build.0 = Debug|Any CPU
		{E7F41995-D3A1-4B31-AA9C-CB3F4261D248}.Debug|x86.ActiveCfg = Debug|Any CPU
		{E7F41995-D3A1-4B31-AA9C-CB3F4261D248}.Release|Any CPU.ActiveCfg = Release|Any CPU
		{E7F41995-D3A1-4B31-AA9C-CB3F4261D248}.Release|Any CPU.Build.0 = Release|Any CPU
		{E7F41995-D3A1-4B31-AA9C-CB3F4261D248}.Release|Mixed Platforms.ActiveCfg = Release|Any CPU
		{E7F41995-D3A1-4B31-AA9C-CB3F4261D248}.Release|Mixed Platforms.Build.0 = Release|Any CPU
		{E7F41995-D3A1-4B31-AA9C-CB3F4261D248}.Release|x86.ActiveCfg = Release|Any CPU
		{36E8E3B5-604D-4C3F-88F7-271C41E941C3}.Debug|Any CPU.ActiveCfg = Debug|Any CPU
		{36E8E3B5-604D-4C3F-88F7-271C41E941C3}.Debug|Any CPU.Build.0 = Debug|Any CPU
		{36E8E3B5-604D-4C3F-88F7-271C41E941C3}.Debug|Mixed Platforms.ActiveCfg = Debug|Any CPU
		{36E8E3B5-604D-4C3F-88F7-271C41E941C3}.Debug|Mixed Platforms.Build.0 = Debug|Any CPU
		{36E8E3B5-604D-4C3F-88F7-271C41E941C3}.Debug|x86.ActiveCfg = Debug|Any CPU
		{36E8E3B5-604D-4C3F-88F7-271C41E941C3}.Release|Any CPU.ActiveCfg = Release|Any CPU
		{36E8E3B5-604D-4C3F-88F7-271C41E941C3}.Release|Any CPU.Build.0 = Release|Any CPU
		{36E8E3B5-604D-4C3F-88F7-271C41E941C3}.Release|Mixed Platforms.ActiveCfg = Release|Any CPU
		{36E8E3B5-604D-4C3F-88F7-271C41E941C3}.Release|Mixed Platforms.Build.0 = Release|Any CPU
		{36E8E3B5-604D-4C3F-88F7-271C41E941C3}.Release|x86.ActiveCfg = Release|Any CPU
		{D845B05F-F10B-45F5-92B0-18567554A1B2}.Debug|Any CPU.ActiveCfg = Debug|Any CPU
		{D845B05F-F10B-45F5-92B0-18567554A1B2}.Debug|Any CPU.Build.0 = Debug|Any CPU
		{D845B05F-F10B-45F5-92B0-18567554A1B2}.Debug|Mixed Platforms.ActiveCfg = Debug|Any CPU
		{D845B05F-F10B-45F5-92B0-18567554A1B2}.Debug|Mixed Platforms.Build.0 = Debug|Any CPU
		{D845B05F-F10B-45F5-92B0-18567554A1B2}.Debug|x86.ActiveCfg = Debug|Any CPU
		{D845B05F-F10B-45F5-92B0-18567554A1B2}.Release|Any CPU.ActiveCfg = Release|Any CPU
		{D845B05F-F10B-45F5-92B0-18567554A1B2}.Release|Any CPU.Build.0 = Release|Any CPU
		{D845B05F-F10B-45F5-92B0-18567554A1B2}.Release|Mixed Platforms.ActiveCfg = Release|Any CPU
		{D845B05F-F10B-45F5-92B0-18567554A1B2}.Release|Mixed Platforms.Build.0 = Release|Any CPU
		{D845B05F-F10B-45F5-92B0-18567554A1B2}.Release|x86.ActiveCfg = Release|Any CPU
		{98CD4091-D512-40A0-8406-D9BE5DD139DC}.Debug|Any CPU.ActiveCfg = Debug|Any CPU
		{98CD4091-D512-40A0-8406-D9BE5DD139DC}.Debug|Any CPU.Build.0 = Debug|Any CPU
		{98CD4091-D512-40A0-8406-D9BE5DD139DC}.Debug|Mixed Platforms.ActiveCfg = Debug|Any CPU
		{98CD4091-D512-40A0-8406-D9BE5DD139DC}.Debug|Mixed Platforms.Build.0 = Debug|Any CPU
		{98CD4091-D512-40A0-8406-D9BE5DD139DC}.Debug|x86.ActiveCfg = Debug|Any CPU
		{98CD4091-D512-40A0-8406-D9BE5DD139DC}.Release|Any CPU.ActiveCfg = Release|Any CPU
		{98CD4091-D512-40A0-8406-D9BE5DD139DC}.Release|Any CPU.Build.0 = Release|Any CPU
		{98CD4091-D512-40A0-8406-D9BE5DD139DC}.Release|Mixed Platforms.ActiveCfg = Release|Any CPU
		{98CD4091-D512-40A0-8406-D9BE5DD139DC}.Release|Mixed Platforms.Build.0 = Release|Any CPU
		{98CD4091-D512-40A0-8406-D9BE5DD139DC}.Release|x86.ActiveCfg = Release|Any CPU
		{AA9DD4FB-A349-4722-B5CB-A1CD3029EC9E}.Debug|Any CPU.ActiveCfg = Debug|Any CPU
		{AA9DD4FB-A349-4722-B5CB-A1CD3029EC9E}.Debug|Any CPU.Build.0 = Debug|Any CPU
		{AA9DD4FB-A349-4722-B5CB-A1CD3029EC9E}.Debug|Mixed Platforms.ActiveCfg = Debug|Any CPU
		{AA9DD4FB-A349-4722-B5CB-A1CD3029EC9E}.Debug|Mixed Platforms.Build.0 = Debug|Any CPU
		{AA9DD4FB-A349-4722-B5CB-A1CD3029EC9E}.Debug|x86.ActiveCfg = Debug|Any CPU
		{AA9DD4FB-A349-4722-B5CB-A1CD3029EC9E}.Release|Any CPU.ActiveCfg = Release|Any CPU
		{AA9DD4FB-A349-4722-B5CB-A1CD3029EC9E}.Release|Any CPU.Build.0 = Release|Any CPU
		{AA9DD4FB-A349-4722-B5CB-A1CD3029EC9E}.Release|Mixed Platforms.ActiveCfg = Release|Any CPU
		{AA9DD4FB-A349-4722-B5CB-A1CD3029EC9E}.Release|Mixed Platforms.Build.0 = Release|Any CPU
		{AA9DD4FB-A349-4722-B5CB-A1CD3029EC9E}.Release|x86.ActiveCfg = Release|Any CPU
		{679118E7-2F11-4EDB-BA48-8C8A3F4C2B88}.Debug|Any CPU.ActiveCfg = Debug|Any CPU
		{679118E7-2F11-4EDB-BA48-8C8A3F4C2B88}.Debug|Any CPU.Build.0 = Debug|Any CPU
		{679118E7-2F11-4EDB-BA48-8C8A3F4C2B88}.Debug|Mixed Platforms.ActiveCfg = Debug|Any CPU
		{679118E7-2F11-4EDB-BA48-8C8A3F4C2B88}.Debug|Mixed Platforms.Build.0 = Debug|Any CPU
		{679118E7-2F11-4EDB-BA48-8C8A3F4C2B88}.Debug|x86.ActiveCfg = Debug|Any CPU
		{679118E7-2F11-4EDB-BA48-8C8A3F4C2B88}.Release|Any CPU.ActiveCfg = Release|Any CPU
		{679118E7-2F11-4EDB-BA48-8C8A3F4C2B88}.Release|Any CPU.Build.0 = Release|Any CPU
		{679118E7-2F11-4EDB-BA48-8C8A3F4C2B88}.Release|Mixed Platforms.ActiveCfg = Release|Any CPU
		{679118E7-2F11-4EDB-BA48-8C8A3F4C2B88}.Release|Mixed Platforms.Build.0 = Release|Any CPU
		{679118E7-2F11-4EDB-BA48-8C8A3F4C2B88}.Release|x86.ActiveCfg = Release|Any CPU
		{96612695-CAED-4652-8300-E70C5309BB1B}.Debug|Any CPU.ActiveCfg = Debug|Any CPU
		{96612695-CAED-4652-8300-E70C5309BB1B}.Debug|Any CPU.Build.0 = Debug|Any CPU
		{96612695-CAED-4652-8300-E70C5309BB1B}.Debug|Mixed Platforms.ActiveCfg = Debug|Any CPU
		{96612695-CAED-4652-8300-E70C5309BB1B}.Debug|Mixed Platforms.Build.0 = Debug|Any CPU
		{96612695-CAED-4652-8300-E70C5309BB1B}.Debug|x86.ActiveCfg = Debug|Any CPU
		{96612695-CAED-4652-8300-E70C5309BB1B}.Release|Any CPU.ActiveCfg = Release|Any CPU
		{96612695-CAED-4652-8300-E70C5309BB1B}.Release|Any CPU.Build.0 = Release|Any CPU
		{96612695-CAED-4652-8300-E70C5309BB1B}.Release|Mixed Platforms.ActiveCfg = Release|Any CPU
		{96612695-CAED-4652-8300-E70C5309BB1B}.Release|Mixed Platforms.Build.0 = Release|Any CPU
		{96612695-CAED-4652-8300-E70C5309BB1B}.Release|x86.ActiveCfg = Release|Any CPU
		{D4768CD2-8DF6-4849-9607-036B13D57D4A}.Debug|Any CPU.ActiveCfg = Debug|Any CPU
		{D4768CD2-8DF6-4849-9607-036B13D57D4A}.Debug|Any CPU.Build.0 = Debug|Any CPU
		{D4768CD2-8DF6-4849-9607-036B13D57D4A}.Debug|Mixed Platforms.ActiveCfg = Debug|Any CPU
		{D4768CD2-8DF6-4849-9607-036B13D57D4A}.Debug|Mixed Platforms.Build.0 = Debug|Any CPU
		{D4768CD2-8DF6-4849-9607-036B13D57D4A}.Debug|x86.ActiveCfg = Debug|Any CPU
		{D4768CD2-8DF6-4849-9607-036B13D57D4A}.Release|Any CPU.ActiveCfg = Release|Any CPU
		{D4768CD2-8DF6-4849-9607-036B13D57D4A}.Release|Any CPU.Build.0 = Release|Any CPU
		{D4768CD2-8DF6-4849-9607-036B13D57D4A}.Release|Mixed Platforms.ActiveCfg = Release|Any CPU
		{D4768CD2-8DF6-4849-9607-036B13D57D4A}.Release|Mixed Platforms.Build.0 = Release|Any CPU
		{D4768CD2-8DF6-4849-9607-036B13D57D4A}.Release|x86.ActiveCfg = Release|Any CPU
		{97ABFD87-158A-4E3B-AEEA-4BF4982FBFBA}.Debug|Any CPU.ActiveCfg = Debug|Any CPU
		{97ABFD87-158A-4E3B-AEEA-4BF4982FBFBA}.Debug|Any CPU.Build.0 = Debug|Any CPU
		{97ABFD87-158A-4E3B-AEEA-4BF4982FBFBA}.Debug|Mixed Platforms.ActiveCfg = Debug|Any CPU
		{97ABFD87-158A-4E3B-AEEA-4BF4982FBFBA}.Debug|Mixed Platforms.Build.0 = Debug|Any CPU
		{97ABFD87-158A-4E3B-AEEA-4BF4982FBFBA}.Debug|x86.ActiveCfg = Debug|Any CPU
		{97ABFD87-158A-4E3B-AEEA-4BF4982FBFBA}.Release|Any CPU.ActiveCfg = Release|Any CPU
		{97ABFD87-158A-4E3B-AEEA-4BF4982FBFBA}.Release|Any CPU.Build.0 = Release|Any CPU
		{97ABFD87-158A-4E3B-AEEA-4BF4982FBFBA}.Release|Mixed Platforms.ActiveCfg = Release|Any CPU
		{97ABFD87-158A-4E3B-AEEA-4BF4982FBFBA}.Release|Mixed Platforms.Build.0 = Release|Any CPU
		{97ABFD87-158A-4E3B-AEEA-4BF4982FBFBA}.Release|x86.ActiveCfg = Release|Any CPU
		{88F5F95D-C7DB-45DF-B00F-2D50E447D995}.Debug|Any CPU.ActiveCfg = Debug|x86
		{88F5F95D-C7DB-45DF-B00F-2D50E447D995}.Debug|Mixed Platforms.ActiveCfg = Debug|x86
		{88F5F95D-C7DB-45DF-B00F-2D50E447D995}.Debug|Mixed Platforms.Build.0 = Debug|x86
		{88F5F95D-C7DB-45DF-B00F-2D50E447D995}.Debug|x86.ActiveCfg = Debug|x86
		{88F5F95D-C7DB-45DF-B00F-2D50E447D995}.Debug|x86.Build.0 = Debug|x86
		{88F5F95D-C7DB-45DF-B00F-2D50E447D995}.Release|Any CPU.ActiveCfg = Release|x86
		{88F5F95D-C7DB-45DF-B00F-2D50E447D995}.Release|Mixed Platforms.ActiveCfg = Release|x86
		{88F5F95D-C7DB-45DF-B00F-2D50E447D995}.Release|Mixed Platforms.Build.0 = Release|x86
		{88F5F95D-C7DB-45DF-B00F-2D50E447D995}.Release|x86.ActiveCfg = Release|x86
		{88F5F95D-C7DB-45DF-B00F-2D50E447D995}.Release|x86.Build.0 = Release|x86
		{D22759DC-29A3-4C7E-83AC-ED9F6542A3C8}.Debug|Any CPU.ActiveCfg = Debug|x86
		{D22759DC-29A3-4C7E-83AC-ED9F6542A3C8}.Debug|Mixed Platforms.ActiveCfg = Debug|x86
		{D22759DC-29A3-4C7E-83AC-ED9F6542A3C8}.Debug|Mixed Platforms.Build.0 = Debug|x86
		{D22759DC-29A3-4C7E-83AC-ED9F6542A3C8}.Debug|x86.ActiveCfg = Debug|x86
		{D22759DC-29A3-4C7E-83AC-ED9F6542A3C8}.Debug|x86.Build.0 = Debug|x86
		{D22759DC-29A3-4C7E-83AC-ED9F6542A3C8}.Release|Any CPU.ActiveCfg = Release|x86
		{D22759DC-29A3-4C7E-83AC-ED9F6542A3C8}.Release|Mixed Platforms.ActiveCfg = Release|x86
		{D22759DC-29A3-4C7E-83AC-ED9F6542A3C8}.Release|Mixed Platforms.Build.0 = Release|x86
		{D22759DC-29A3-4C7E-83AC-ED9F6542A3C8}.Release|x86.ActiveCfg = Release|x86
		{D22759DC-29A3-4C7E-83AC-ED9F6542A3C8}.Release|x86.Build.0 = Release|x86
	EndGlobalSection
	GlobalSection(SolutionProperties) = preSolution
		HideSolutionNode = FALSE
	EndGlobalSection
EndGlobal
